// !$*UTF8*$!
{
	archiveVersion = 1;
	classes = {
	};
	objectVersion = 50;
	objects = {

/* Begin PBXBuildFile section */
		D757987927094CB8005F6D09 /* AppDelegate.swift in Sources */ = {isa = PBXBuildFile; fileRef = D757987827094CB8005F6D09 /* AppDelegate.swift */; };
		D757987B27094CB8005F6D09 /* SceneDelegate.swift in Sources */ = {isa = PBXBuildFile; fileRef = D757987A27094CB8005F6D09 /* SceneDelegate.swift */; };
		D757987D27094CB8005F6D09 /* ViewController.swift in Sources */ = {isa = PBXBuildFile; fileRef = D757987C27094CB8005F6D09 /* ViewController.swift */; };
		D757988027094CB8005F6D09 /* Main.storyboard in Resources */ = {isa = PBXBuildFile; fileRef = D757987E27094CB8005F6D09 /* Main.storyboard */; };
		D757988327094CB8005F6D09 /* cibertec_examen_1.xcdatamodeld in Sources */ = {isa = PBXBuildFile; fileRef = D757988127094CB8005F6D09 /* cibertec_examen_1.xcdatamodeld */; };
		D757988527094CBA005F6D09 /* Assets.xcassets in Resources */ = {isa = PBXBuildFile; fileRef = D757988427094CBA005F6D09 /* Assets.xcassets */; };
		D757988827094CBA005F6D09 /* LaunchScreen.storyboard in Resources */ = {isa = PBXBuildFile; fileRef = D757988627094CBA005F6D09 /* LaunchScreen.storyboard */; };
		D7579893270964D1005F6D09 /* Account+CoreDataClass.swift in Sources */ = {isa = PBXBuildFile; fileRef = D757988F270964D1005F6D09 /* Account+CoreDataClass.swift */; };
		D7579894270964D1005F6D09 /* Account+CoreDataProperties.swift in Sources */ = {isa = PBXBuildFile; fileRef = D7579890270964D1005F6D09 /* Account+CoreDataProperties.swift */; };
		D7579895270964D1005F6D09 /* User+CoreDataClass.swift in Sources */ = {isa = PBXBuildFile; fileRef = D7579891270964D1005F6D09 /* User+CoreDataClass.swift */; };
		D7579896270964D1005F6D09 /* User+CoreDataProperties.swift in Sources */ = {isa = PBXBuildFile; fileRef = D7579892270964D1005F6D09 /* User+CoreDataProperties.swift */; };
/* End PBXBuildFile section */

/* Begin PBXFileReference section */
		D757987527094CB8005F6D09 /* cibertec_examen_1.app */ = {isa = PBXFileReference; explicitFileType = wrapper.application; includeInIndex = 0; path = cibertec_examen_1.app; sourceTree = BUILT_PRODUCTS_DIR; };
		D757987827094CB8005F6D09 /* AppDelegate.swift */ = {isa = PBXFileReference; lastKnownFileType = sourcecode.swift; path = AppDelegate.swift; sourceTree = "<group>"; };
		D757987A27094CB8005F6D09 /* SceneDelegate.swift */ = {isa = PBXFileReference; lastKnownFileType = sourcecode.swift; path = SceneDelegate.swift; sourceTree = "<group>"; };
		D757987C27094CB8005F6D09 /* ViewController.swift */ = {isa = PBXFileReference; lastKnownFileType = sourcecode.swift; path = ViewController.swift; sourceTree = "<group>"; };
		D757987F27094CB8005F6D09 /* Base */ = {isa = PBXFileReference; lastKnownFileType = file.storyboard; name = Base; path = Base.lproj/Main.storyboard; sourceTree = "<group>"; };
		D757988227094CB8005F6D09 /* cibertec_examen_1.xcdatamodel */ = {isa = PBXFileReference; lastKnownFileType = wrapper.xcdatamodel; path = cibertec_examen_1.xcdatamodel; sourceTree = "<group>"; };
		D757988427094CBA005F6D09 /* Assets.xcassets */ = {isa = PBXFileReference; lastKnownFileType = folder.assetcatalog; path = Assets.xcassets; sourceTree = "<group>"; };
		D757988727094CBA005F6D09 /* Base */ = {isa = PBXFileReference; lastKnownFileType = file.storyboard; name = Base; path = Base.lproj/LaunchScreen.storyboard; sourceTree = "<group>"; };
		D757988927094CBA005F6D09 /* Info.plist */ = {isa = PBXFileReference; lastKnownFileType = text.plist.xml; path = Info.plist; sourceTree = "<group>"; };
		D757988F270964D1005F6D09 /* Account+CoreDataClass.swift */ = {isa = PBXFileReference; lastKnownFileType = sourcecode.swift; path = "Account+CoreDataClass.swift"; sourceTree = "<group>"; };
		D7579890270964D1005F6D09 /* Account+CoreDataProperties.swift */ = {isa = PBXFileReference; lastKnownFileType = sourcecode.swift; path = "Account+CoreDataProperties.swift"; sourceTree = "<group>"; };
		D7579891270964D1005F6D09 /* User+CoreDataClass.swift */ = {isa = PBXFileReference; lastKnownFileType = sourcecode.swift; path = "User+CoreDataClass.swift"; sourceTree = "<group>"; };
		D7579892270964D1005F6D09 /* User+CoreDataProperties.swift */ = {isa = PBXFileReference; lastKnownFileType = sourcecode.swift; path = "User+CoreDataProperties.swift"; sourceTree = "<group>"; };
/* End PBXFileReference section */

/* Begin PBXFrameworksBuildPhase section */
		D757987227094CB8005F6D09 /* Frameworks */ = {
			isa = PBXFrameworksBuildPhase;
			buildActionMask = 2147483647;
			files = (
			);
			runOnlyForDeploymentPostprocessing = 0;
		};
/* End PBXFrameworksBuildPhase section */

/* Begin PBXGroup section */
		D757986C27094CB8005F6D09 = {
			isa = PBXGroup;
			children = (
				D757987727094CB8005F6D09 /* cibertec_examen_1 */,
				D757987627094CB8005F6D09 /* Products */,
			);
			sourceTree = "<group>";
		};
		D757987627094CB8005F6D09 /* Products */ = {
			isa = PBXGroup;
			children = (
				D757987527094CB8005F6D09 /* cibertec_examen_1.app */,
			);
			name = Products;
			sourceTree = "<group>";
		};
		D757987727094CB8005F6D09 /* cibertec_examen_1 */ = {
			isa = PBXGroup;
			children = (
				D757989827096543005F6D09 /* Account */,
				D75798972709652D005F6D09 /* User */,
				D757987827094CB8005F6D09 /* AppDelegate.swift */,
				D757987A27094CB8005F6D09 /* SceneDelegate.swift */,
				D757987C27094CB8005F6D09 /* ViewController.swift */,
				D757987E27094CB8005F6D09 /* Main.storyboard */,
				D757988427094CBA005F6D09 /* Assets.xcassets */,
				D757988627094CBA005F6D09 /* LaunchScreen.storyboard */,
				D757988927094CBA005F6D09 /* Info.plist */,
				D757988127094CB8005F6D09 /* cibertec_examen_1.xcdatamodeld */,
			);
			path = cibertec_examen_1;
			sourceTree = "<group>";
		};
		D75798972709652D005F6D09 /* User */ = {
			isa = PBXGroup;
			children = (
				D7579891270964D1005F6D09 /* User+CoreDataClass.swift */,
				D7579892270964D1005F6D09 /* User+CoreDataProperties.swift */,
			);
			path = User;
			sourceTree = "<group>";
		};
		D757989827096543005F6D09 /* Account */ = {
			isa = PBXGroup;
			children = (
				D757988F270964D1005F6D09 /* Account+CoreDataClass.swift */,
				D7579890270964D1005F6D09 /* Account+CoreDataProperties.swift */,
			);
			path = Account;
			sourceTree = "<group>";
		};
/* End PBXGroup section */

/* Begin PBXNativeTarget section */
		D757987427094CB8005F6D09 /* cibertec_examen_1 */ = {
			isa = PBXNativeTarget;
			buildConfigurationList = D757988C27094CBA005F6D09 /* Build configuration list for PBXNativeTarget "cibertec_examen_1" */;
			buildPhases = (
				D757987127094CB8005F6D09 /* Sources */,
				D757987227094CB8005F6D09 /* Frameworks */,
				D757987327094CB8005F6D09 /* Resources */,
			);
			buildRules = (
			);
			dependencies = (
			);
			name = cibertec_examen_1;
			productName = cibertec_examen_1;
			productReference = D757987527094CB8005F6D09 /* cibertec_examen_1.app */;
			productType = "com.apple.product-type.application";
		};
/* End PBXNativeTarget section */

/* Begin PBXProject section */
		D757986D27094CB8005F6D09 /* Project object */ = {
			isa = PBXProject;
			attributes = {
				LastSwiftUpdateCheck = 1250;
				LastUpgradeCheck = 1250;
				TargetAttributes = {
					D757987427094CB8005F6D09 = {
						CreatedOnToolsVersion = 12.5;
					};
				};
			};
			buildConfigurationList = D757987027094CB8005F6D09 /* Build configuration list for PBXProject "cibertec_examen_1" */;
			compatibilityVersion = "Xcode 9.3";
			developmentRegion = en;
			hasScannedForEncodings = 0;
			knownRegions = (
				en,
				Base,
			);
			mainGroup = D757986C27094CB8005F6D09;
			productRefGroup = D757987627094CB8005F6D09 /* Products */;
			projectDirPath = "";
			projectRoot = "";
			targets = (
				D757987427094CB8005F6D09 /* cibertec_examen_1 */,
			);
		};
/* End PBXProject section */

/* Begin PBXResourcesBuildPhase section */
		D757987327094CB8005F6D09 /* Resources */ = {
			isa = PBXResourcesBuildPhase;
			buildActionMask = 2147483647;
			files = (
				D757988827094CBA005F6D09 /* LaunchScreen.storyboard in Resources */,
				D757988527094CBA005F6D09 /* Assets.xcassets in Resources */,
				D757988027094CB8005F6D09 /* Main.storyboard in Resources */,
			);
			runOnlyForDeploymentPostprocessing = 0;
		};
/* End PBXResourcesBuildPhase section */

/* Begin PBXSourcesBuildPhase section */
		D757987127094CB8005F6D09 /* Sources */ = {
			isa = PBXSourcesBuildPhase;
			buildActionMask = 2147483647;
			files = (
				D7579894270964D1005F6D09 /* Account+CoreDataProperties.swift in Sources */,
				D757988327094CB8005F6D09 /* cibertec_examen_1.xcdatamodeld in Sources */,
				D7579896270964D1005F6D09 /* User+CoreDataProperties.swift in Sources */,
				D7579893270964D1005F6D09 /* Account+CoreDataClass.swift in Sources */,
				D757987D27094CB8005F6D09 /* ViewController.swift in Sources */,
				D757987927094CB8005F6D09 /* AppDelegate.swift in Sources */,
				D757987B27094CB8005F6D09 /* SceneDelegate.swift in Sources */,
				D7579895270964D1005F6D09 /* User+CoreDataClass.swift in Sources */,
			);
			runOnlyForDeploymentPostprocessing = 0;
		};
/* End PBXSourcesBuildPhase section */

/* Begin PBXVariantGroup section */
		D757987E27094CB8005F6D09 /* Main.storyboard */ = {
			isa = PBXVariantGroup;
			children = (
				D757987F27094CB8005F6D09 /* Base */,
			);
			name = Main.storyboard;
			sourceTree = "<group>";
		};
		D757988627094CBA005F6D09 /* LaunchScreen.storyboard */ = {
			isa = PBXVariantGroup;
			children = (
				D757988727094CBA005F6D09 /* Base */,
			);
			name = LaunchScreen.storyboard;
			sourceTree = "<group>";
		};
/* End PBXVariantGroup section */

/* Begin XCBuildConfiguration section */
		D757988A27094CBA005F6D09 /* Debug */ = {
			isa = XCBuildConfiguration;
			buildSettings = {
				ALWAYS_SEARCH_USER_PATHS = NO;
				CLANG_ANALYZER_NONNULL = YES;
				CLANG_ANALYZER_NUMBER_OBJECT_CONVERSION = YES_AGGRESSIVE;
				CLANG_CXX_LANGUAGE_STANDARD = "gnu++14";
				CLANG_CXX_LIBRARY = "libc++";
				CLANG_ENABLE_MODULES = YES;
				CLANG_ENABLE_OBJC_ARC = YES;
				CLANG_ENABLE_OBJC_WEAK = YES;
				CLANG_WARN_BLOCK_CAPTURE_AUTORELEASING = YES;
				CLANG_WARN_BOOL_CONVERSION = YES;
				CLANG_WARN_COMMA = YES;
				CLANG_WARN_CONSTANT_CONVERSION = YES;
				CLANG_WARN_DEPRECATED_OBJC_IMPLEMENTATIONS = YES;
				CLANG_WARN_DIRECT_OBJC_ISA_USAGE = YES_ERROR;
				CLANG_WARN_DOCUMENTATION_COMMENTS = YES;
				CLANG_WARN_EMPTY_BODY = YES;
				CLANG_WARN_ENUM_CONVERSION = YES;
				CLANG_WARN_INFINITE_RECURSION = YES;
				CLANG_WARN_INT_CONVERSION = YES;
				CLANG_WARN_NON_LITERAL_NULL_CONVERSION = YES;
				CLANG_WARN_OBJC_IMPLICIT_RETAIN_SELF = YES;
				CLANG_WARN_OBJC_LITERAL_CONVERSION = YES;
				CLANG_WARN_OBJC_ROOT_CLASS = YES_ERROR;
				CLANG_WARN_QUOTED_INCLUDE_IN_FRAMEWORK_HEADER = YES;
				CLANG_WARN_RANGE_LOOP_ANALYSIS = YES;
				CLANG_WARN_STRICT_PROTOTYPES = YES;
				CLANG_WARN_SUSPICIOUS_MOVE = YES;
				CLANG_WARN_UNGUARDED_AVAILABILITY = YES_AGGRESSIVE;
				CLANG_WARN_UNREACHABLE_CODE = YES;
				CLANG_WARN__DUPLICATE_METHOD_MATCH = YES;
				COPY_PHASE_STRIP = NO;
				DEBUG_INFORMATION_FORMAT = dwarf;
				ENABLE_STRICT_OBJC_MSGSEND = YES;
				ENABLE_TESTABILITY = YES;
				GCC_C_LANGUAGE_STANDARD = gnu11;
				GCC_DYNAMIC_NO_PIC = NO;
				GCC_NO_COMMON_BLOCKS = YES;
				GCC_OPTIMIZATION_LEVEL = 0;
				GCC_PREPROCESSOR_DEFINITIONS = (
					"DEBUG=1",
					"$(inherited)",
				);
				GCC_WARN_64_TO_32_BIT_CONVERSION = YES;
				GCC_WARN_ABOUT_RETURN_TYPE = YES_ERROR;
				GCC_WARN_UNDECLARED_SELECTOR = YES;
				GCC_WARN_UNINITIALIZED_AUTOS = YES_AGGRESSIVE;
				GCC_WARN_UNUSED_FUNCTION = YES;
				GCC_WARN_UNUSED_VARIABLE = YES;
				IPHONEOS_DEPLOYMENT_TARGET = 14.5;
				MTL_ENABLE_DEBUG_INFO = INCLUDE_SOURCE;
				MTL_FAST_MATH = YES;
				ONLY_ACTIVE_ARCH = YES;
				SDKROOT = iphoneos;
				SWIFT_ACTIVE_COMPILATION_CONDITIONS = DEBUG;
				SWIFT_OPTIMIZATION_LEVEL = "-Onone";
			};
			name = Debug;
		};
		D757988B27094CBA005F6D09 /* Release */ = {
			isa = XCBuildConfiguration;
			buildSettings = {
				ALWAYS_SEARCH_USER_PATHS = NO;
				CLANG_ANALYZER_NONNULL = YES;
				CLANG_ANALYZER_NUMBER_OBJECT_CONVERSION = YES_AGGRESSIVE;
				CLANG_CXX_LANGUAGE_STANDARD = "gnu++14";
				CLANG_CXX_LIBRARY = "libc++";
				CLANG_ENABLE_MODULES = YES;
				CLANG_ENABLE_OBJC_ARC = YES;
				CLANG_ENABLE_OBJC_WEAK = YES;
				CLANG_WARN_BLOCK_CAPTURE_AUTORELEASING = YES;
				CLANG_WARN_BOOL_CONVERSION = YES;
				CLANG_WARN_COMMA = YES;
				CLANG_WARN_CONSTANT_CONVERSION = YES;
				CLANG_WARN_DEPRECATED_OBJC_IMPLEMENTATIONS = YES;
				CLANG_WARN_DIRECT_OBJC_ISA_USAGE = YES_ERROR;
				CLANG_WARN_DOCUMENTATION_COMMENTS = YES;
				CLANG_WARN_EMPTY_BODY = YES;
				CLANG_WARN_ENUM_CONVERSION = YES;
				CLANG_WARN_INFINITE_RECURSION = YES;
				CLANG_WARN_INT_CONVERSION = YES;
				CLANG_WARN_NON_LITERAL_NULL_CONVERSION = YES;
				CLANG_WARN_OBJC_IMPLICIT_RETAIN_SELF = YES;
				CLANG_WARN_OBJC_LITERAL_CONVERSION = YES;
				CLANG_WARN_OBJC_ROOT_CLASS = YES_ERROR;
				CLANG_WARN_QUOTED_INCLUDE_IN_FRAMEWORK_HEADER = YES;
				CLANG_WARN_RANGE_LOOP_ANALYSIS = YES;
				CLANG_WARN_STRICT_PROTOTYPES = YES;
				CLANG_WARN_SUSPICIOUS_MOVE = YES;
				CLANG_WARN_UNGUARDED_AVAILABILITY = YES_AGGRESSIVE;
				CLANG_WARN_UNREACHABLE_CODE = YES;
				CLANG_WARN__DUPLICATE_METHOD_MATCH = YES;
				COPY_PHASE_STRIP = NO;
				DEBUG_INFORMATION_FORMAT = "dwarf-with-dsym";
				ENABLE_NS_ASSERTIONS = NO;
				ENABLE_STRICT_OBJC_MSGSEND = YES;
				GCC_C_LANGUAGE_STANDARD = gnu11;
				GCC_NO_COMMON_BLOCKS = YES;
				GCC_WARN_64_TO_32_BIT_CONVERSION = YES;
				GCC_WARN_ABOUT_RETURN_TYPE = YES_ERROR;
				GCC_WARN_UNDECLARED_SELECTOR = YES;
				GCC_WARN_UNINITIALIZED_AUTOS = YES_AGGRESSIVE;
				GCC_WARN_UNUSED_FUNCTION = YES;
				GCC_WARN_UNUSED_VARIABLE = YES;
				IPHONEOS_DEPLOYMENT_TARGET = 14.5;
				MTL_ENABLE_DEBUG_INFO = NO;
				MTL_FAST_MATH = YES;
				SDKROOT = iphoneos;
				SWIFT_COMPILATION_MODE = wholemodule;
				SWIFT_OPTIMIZATION_LEVEL = "-O";
				VALIDATE_PRODUCT = YES;
			};
			name = Release;
		};
		D757988D27094CBA005F6D09 /* Debug */ = {
			isa = XCBuildConfiguration;
			buildSettings = {
				ASSETCATALOG_COMPILER_APPICON_NAME = AppIcon;
				ASSETCATALOG_COMPILER_GLOBAL_ACCENT_COLOR_NAME = AccentColor;
				CODE_SIGN_STYLE = Automatic;
				DEVELOPMENT_TEAM = KBTM6CVS69;
				INFOPLIST_FILE = cibertec_examen_1/Info.plist;
				LD_RUNPATH_SEARCH_PATHS = (
					"$(inherited)",
					"@executable_path/Frameworks",
				);
				PRODUCT_BUNDLE_IDENTIFIER = "com.davos.cibertec-examen-1";
				PRODUCT_NAME = "$(TARGET_NAME)";
				SWIFT_VERSION = 5.0;
				TARGETED_DEVICE_FAMILY = "1,2";
			};
			name = Debug;
		};
		D757988E27094CBA005F6D09 /* Release */ = {
			isa = XCBuildConfiguration;
			buildSettings = {
				ASSETCATALOG_COMPILER_APPICON_NAME = AppIcon;
				ASSETCATALOG_COMPILER_GLOBAL_ACCENT_COLOR_NAME = AccentColor;
				CODE_SIGN_STYLE = Automatic;
				DEVELOPMENT_TEAM = KBTM6CVS69;
				INFOPLIST_FILE = cibertec_examen_1/Info.plist;
				LD_RUNPATH_SEARCH_PATHS = (
					"$(inherited)",
					"@executable_path/Frameworks",
				);
				PRODUCT_BUNDLE_IDENTIFIER = "com.davos.cibertec-examen-1";
				PRODUCT_NAME = "$(TARGET_NAME)";
				SWIFT_VERSION = 5.0;
				TARGETED_DEVICE_FAMILY = "1,2";
			};
			name = Release;
		};
/* End XCBuildConfiguration section */

/* Begin XCConfigurationList section */
		D757987027094CB8005F6D09 /* Build configuration list for PBXProject "cibertec_examen_1" */ = {
			isa = XCConfigurationList;
			buildConfigurations = (
				D757988A27094CBA005F6D09 /* Debug */,
				D757988B27094CBA005F6D09 /* Release */,
			);
			defaultConfigurationIsVisible = 0;
			defaultConfigurationName = Release;
		};
		D757988C27094CBA005F6D09 /* Build configuration list for PBXNativeTarget "cibertec_examen_1" */ = {
			isa = XCConfigurationList;
			buildConfigurations = (
				D757988D27094CBA005F6D09 /* Debug */,
				D757988E27094CBA005F6D09 /* Release */,
			);
			defaultConfigurationIsVisible = 0;
			defaultConfigurationName = Release;
		};
/* End XCConfigurationList section */

/* Begin XCVersionGroup section */
		D757988127094CB8005F6D09 /* cibertec_examen_1.xcdatamodeld */ = {
			isa = XCVersionGroup;
			children = (
				D757988227094CB8005F6D09 /* cibertec_examen_1.xcdatamodel */,
			);
			currentVersion = D757988227094CB8005F6D09 /* cibertec_examen_1.xcdatamodel */;
			path = cibertec_examen_1.xcdatamodeld;
			sourceTree = "<group>";
			versionGroupType = wrapper.xcdatamodel;
		};
/* End XCVersionGroup section */
	};
	rootObject = D757986D27094CB8005F6D09 /* Project object */;
}
